
Microsoft Visual Studio Solution File, Format Version 12.00
# Visual Studio Version 17
VisualStudioVersion = 17.9.34723.18
MinimumVisualStudioVersion = 10.0.40219.1
Project("{FAE04EC0-301F-11D3-BF4B-00C04F79EFBC}") = "BlazorApp2", "BlazorApp2\BlazorApp2.csproj", "{2EC70BCE-58B4-4EB8-8E76-3E767A2A8967}"
EndProject
Global
	GlobalSection(SolutionConfigurationPlatforms) = preSolution
		Debug|Any CPU = Debug|Any CPU
		Release|Any CPU = Release|Any CPU
	EndGlobalSection
	GlobalSection(ProjectConfigurationPlatforms) = postSolution
		{2EC70BCE-58B4-4EB8-8E76-3E767A2A8967}.Debug|Any CPU.ActiveCfg = Debug|Any CPU
		{2EC70BCE-58B4-4EB8-8E76-3E767A2A8967}.Debug|Any CPU.Build.0 = Debug|Any CPU
		{2EC70BCE-58B4-4EB8-8E76-3E767A2A8967}.Release|Any CPU.ActiveCfg = Release|Any CPU
		{2EC70BCE-58B4-4EB8-8E76-3E767A2A8967}.Release|Any CPU.Build.0 = Release|Any CPU
	EndGlobalSection
	GlobalSection(SolutionProperties) = preSolution
		HideSolutionNode = FALSE
	EndGlobalSection
	GlobalSection(ExtensibilityGlobals) = postSolution
		SolutionGuid = {1FAC166D-E8F3-491F-B1A6-98AD873DAE57}
	EndGlobalSection
EndGlobal
